
Microsoft Visual Studio Solution File, Format Version 12.00
# Visual Studio Version 16
VisualStudioVersion = 16.0.31515.178
MinimumVisualStudioVersion = 10.0.40219.1
Project("{FAE04EC0-301F-11D3-BF4B-00C04F79EFBC}") = "VSDevelopers", "VSDevelopers.csproj", "{47368658-5388-4A85-8249-9DEC006DA591}"
EndProject
Global
	GlobalSection(SolutionConfigurationPlatforms) = preSolution
		Debug|Any CPU = Debug|Any CPU
		Release|Any CPU = Release|Any CPU
	EndGlobalSection
	GlobalSection(ProjectConfigurationPlatforms) = postSolution
		{47368658-5388-4A85-8249-9DEC006DA591}.Debug|Any CPU.ActiveCfg = Debug|Any CPU
		{47368658-5388-4A85-8249-9DEC006DA591}.Debug|Any CPU.Build.0 = Debug|Any CPU
		{47368658-5388-4A85-8249-9DEC006DA591}.Release|Any CPU.ActiveCfg = Release|Any CPU
		{47368658-5388-4A85-8249-9DEC006DA591}.Release|Any CPU.Build.0 = Release|Any CPU
	EndGlobalSection
	GlobalSection(SolutionProperties) = preSolution
		HideSolutionNode = FALSE
	EndGlobalSection
	GlobalSection(ExtensibilityGlobals) = postSolution
		SolutionGuid = {F0D5E5DD-40A2-495E-B1B8-68A58F7C764E}
	EndGlobalSection
EndGlobal
